{
  "name": "plotter-playground",
  "version": "1.0.0",
  "lockfileVersion": 2,
  "requires": true,
  "packages": {
    "": {
      "name": "plotter-playground",
      "version": "1.0.0",
      "license": "ISC",
      "dependencies": {
        "adaptive-bezier-curve": "^1.0.3",
        "fast-xml-parser": "^4.1.2",
        "rbush": "^3.0.1",
        "style-to-object": "^0.4.1",
        "svgpath": "^2.6.0",
        "tinyqueue": "^2.0.3"
      }
    },
    "node_modules/adaptive-bezier-curve": {
      "version": "1.0.3",
      "resolved": "https://registry.npmjs.org/adaptive-bezier-curve/-/adaptive-bezier-curve-1.0.3.tgz",
      "integrity": "sha512-mDcwN284LlNAdunqnVmS0PAoDNHKze/PY8zvpCdxzyXD+ZZFeMWQ3FKNBw0VMOd9IfnhIyzAWJDXzRcWnXtoSg=="
    },
    "node_modules/fast-xml-parser": {
      "version": "4.1.2",
      "resolved": "https://registry.npmjs.org/fast-xml-parser/-/fast-xml-parser-4.1.2.tgz",
      "integrity": "sha512-CDYeykkle1LiA/uqQyNwYpFbyF6Axec6YapmpUP+/RHWIoR1zKjocdvNaTsxCxZzQ6v9MLXaSYm9Qq0thv0DHg==",
      "dependencies": {
        "strnum": "^1.0.5"
      },
      "bin": {
        "fxparser": "src/cli/cli.js"
      },
      "funding": {
        "type": "paypal",
        "url": "https://paypal.me/naturalintelligence"
      }
    },
    "node_modules/inline-style-parser": {
      "version": "0.1.1",
      "resolved": "https://registry.npmjs.org/inline-style-parser/-/inline-style-parser-0.1.1.tgz",
      "integrity": "sha512-7NXolsK4CAS5+xvdj5OMMbI962hU/wvwoxk+LWR9Ek9bVtyuuYScDN6eS0rUm6TxApFpw7CX1o4uJzcd4AyD3Q=="
    },
    "node_modules/quickselect": {
      "version": "2.0.0",
      "resolved": "https://registry.npmjs.org/quickselect/-/quickselect-2.0.0.tgz",
      "integrity": "sha512-RKJ22hX8mHe3Y6wH/N3wCM6BWtjaxIyyUIkpHOvfFnxdI4yD4tBXEBKSbriGujF6jnSVkJrffuo6vxACiSSxIw=="
    },
    "node_modules/rbush": {
      "version": "3.0.1",
      "resolved": "https://registry.npmjs.org/rbush/-/rbush-3.0.1.tgz",
      "integrity": "sha512-XRaVO0YecOpEuIvbhbpTrZgoiI6xBlz6hnlr6EHhd+0x9ase6EmeN+hdwwUaJvLcsFFQ8iWVF1GAK1yB0BWi0w==",
      "dependencies": {
        "quickselect": "^2.0.0"
      }
    },
    "node_modules/strnum": {
      "version": "1.0.5",
      "resolved": "https://registry.npmjs.org/strnum/-/strnum-1.0.5.tgz",
      "integrity": "sha512-J8bbNyKKXl5qYcR36TIO8W3mVGVHrmmxsd5PAItGkmyzwJvybiw2IVq5nqd0i4LSNSkB/sx9VHllbfFdr9k1JA=="
    },
    "node_modules/style-to-object": {
      "version": "0.4.1",
      "resolved": "https://registry.npmjs.org/style-to-object/-/style-to-object-0.4.1.tgz",
      "integrity": "sha512-HFpbb5gr2ypci7Qw+IOhnP2zOU7e77b+rzM+wTzXzfi1PrtBCX0E7Pk4wL4iTLnhzZ+JgEGAhX81ebTg/aYjQw==",
      "dependencies": {
        "inline-style-parser": "0.1.1"
      }
    },
    "node_modules/svgpath": {
      "version": "2.6.0",
      "resolved": "https://registry.npmjs.org/svgpath/-/svgpath-2.6.0.tgz",
      "integrity": "sha512-OIWR6bKzXvdXYyO4DK/UWa1VA1JeKq8E+0ug2DG98Y/vOmMpfZNj+TIG988HjfYSqtcy/hFOtZq/n/j5GSESNg==",
      "funding": {
        "url": "https://github.com/fontello/svg2ttf?sponsor=1"
      }
    },
    "node_modules/tinyqueue": {
      "version": "2.0.3",
      "resolved": "https://registry.npmjs.org/tinyqueue/-/tinyqueue-2.0.3.tgz",
      "integrity": "sha512-ppJZNDuKGgxzkHihX8v9v9G5f+18gzaTfrukGrq6ueg0lmH4nqVnA2IPG0AEH3jKEk2GRJCUhDoqpoiw3PHLBA=="
    }
  },
  "dependencies": {
    "adaptive-bezier-curve": {
      "version": "1.0.3",
      "resolved": "https://registry.npmjs.org/adaptive-bezier-curve/-/adaptive-bezier-curve-1.0.3.tgz",
      "integrity": "sha512-mDcwN284LlNAdunqnVmS0PAoDNHKze/PY8zvpCdxzyXD+ZZFeMWQ3FKNBw0VMOd9IfnhIyzAWJDXzRcWnXtoSg=="
    },
    "fast-xml-parser": {
      "version": "4.1.2",
      "resolved": "https://registry.npmjs.org/fast-xml-parser/-/fast-xml-parser-4.1.2.tgz",
      "integrity": "sha512-CDYeykkle1LiA/uqQyNwYpFbyF6Axec6YapmpUP+/RHWIoR1zKjocdvNaTsxCxZzQ6v9MLXaSYm9Qq0thv0DHg==",
      "requires": {
        "strnum": "^1.0.5"
      }
    },
    "inline-style-parser": {
      "version": "0.1.1",
      "resolved": "https://registry.npmjs.org/inline-style-parser/-/inline-style-parser-0.1.1.tgz",
      "integrity": "sha512-7NXolsK4CAS5+xvdj5OMMbI962hU/wvwoxk+LWR9Ek9bVtyuuYScDN6eS0rUm6TxApFpw7CX1o4uJzcd4AyD3Q=="
    },
    "quickselect": {
      "version": "2.0.0",
      "resolved": "https://registry.npmjs.org/quickselect/-/quickselect-2.0.0.tgz",
      "integrity": "sha512-RKJ22hX8mHe3Y6wH/N3wCM6BWtjaxIyyUIkpHOvfFnxdI4yD4tBXEBKSbriGujF6jnSVkJrffuo6vxACiSSxIw=="
    },
    "rbush": {
      "version": "3.0.1",
      "resolved": "https://registry.npmjs.org/rbush/-/rbush-3.0.1.tgz",
      "integrity": "sha512-XRaVO0YecOpEuIvbhbpTrZgoiI6xBlz6hnlr6EHhd+0x9ase6EmeN+hdwwUaJvLcsFFQ8iWVF1GAK1yB0BWi0w==",
      "requires": {
        "quickselect": "^2.0.0"
      }
    },
    "strnum": {
      "version": "1.0.5",
      "resolved": "https://registry.npmjs.org/strnum/-/strnum-1.0.5.tgz",
      "integrity": "sha512-J8bbNyKKXl5qYcR36TIO8W3mVGVHrmmxsd5PAItGkmyzwJvybiw2IVq5nqd0i4LSNSkB/sx9VHllbfFdr9k1JA=="
    },
    "style-to-object": {
      "version": "0.4.1",
      "resolved": "https://registry.npmjs.org/style-to-object/-/style-to-object-0.4.1.tgz",
      "integrity": "sha512-HFpbb5gr2ypci7Qw+IOhnP2zOU7e77b+rzM+wTzXzfi1PrtBCX0E7Pk4wL4iTLnhzZ+JgEGAhX81ebTg/aYjQw==",
      "requires": {
        "inline-style-parser": "0.1.1"
      }
    },
    "svgpath": {
      "version": "2.6.0",
      "resolved": "https://registry.npmjs.org/svgpath/-/svgpath-2.6.0.tgz",
      "integrity": "sha512-OIWR6bKzXvdXYyO4DK/UWa1VA1JeKq8E+0ug2DG98Y/vOmMpfZNj+TIG988HjfYSqtcy/hFOtZq/n/j5GSESNg=="
    },
    "tinyqueue": {
      "version": "2.0.3",
      "resolved": "https://registry.npmjs.org/tinyqueue/-/tinyqueue-2.0.3.tgz",
      "integrity": "sha512-ppJZNDuKGgxzkHihX8v9v9G5f+18gzaTfrukGrq6ueg0lmH4nqVnA2IPG0AEH3jKEk2GRJCUhDoqpoiw3PHLBA=="
    }
  }
}
